{
  "nodes": {
    "nixpkgs": {
      "locked": {
        "lastModified": 1786384358,
        "narHash": "sha256-RzPPiWeUtuvymnpuEWsdtzli5w4kjZs49FqEs3/1u+I=",
        "owner": "NixOS",
        "repo": "nixpkgs",
        "rev": "2fcb964de67fcf60b43471c55d5d99e61a9ccb5a",
        "type": "github"
      },
      "original": {
        "owner": "NixOS",
        "ref": "nixos-unstable",
        "repo": "nixpkgs",
        "type": "github"
      }
    },
    "nixpkgs-x86-darwin": {
      "locked": {
        "lastModified": 1786367589,
        "narHash": "sha256-OThVjKEZnNLw3eGBuxY644zKkmrDywlejQSZXR1vUUA=",
        "owner": "NixOS",
        "repo": "nixpkgs",
        "rev": "4014d8bb312b04b49ec74adff5f9b32982bd0580",
        "type": "github"
      },
      "original": {
        "owner": "NixOS",
        "ref": "nixpkgs-26.05-darwin",
        "repo": "nixpkgs",
        "type": "github"
      }
    },
    "roc-overlay": {
      "inputs": {
        "nixpkgs": [
          "nixpkgs"
        ],
        "nixpkgs-darwin": [
          "nixpkgs-x86-darwin"
        ]
      },
      "locked": {
        "lastModified": 1786201203,
        "narHash": "sha256-quy5g07ommlnWRX9xgjLj/ZrthjB7h4VNBL+KQLOTos=",
        "owner": "thebrandonlucas",
        "repo": "roc-overlay",
        "rev": "9fb8a897144075e042c3aac7705d76ddf8ea0d6f",
        "type": "github"
      },
      "original": {
        "owner": "thebrandonlucas",
        "repo": "roc-overlay",
        "rev": "9fb8a897144075e042c3aac7705d76ddf8ea0d6f",
        "type": "github"
      }
    },
    "root": {
      "inputs": {
        "nixpkgs": "nixpkgs",
        "nixpkgs-x86-darwin": "nixpkgs-x86-darwin",
        "roc-overlay": "roc-overlay"
      }
    }
  },
  "root": "root",
  "version": 7
}
