{
  "nodes": {
    "nixpkgs": {
      "locked": {
        "lastModified": 1788179007,
        "narHash": "sha256-hn1oU2rue2SYK8dAr8+WNZWtbsz1S2W5mnHlSEuh3bo=",
        "owner": "NixOS",
        "repo": "nixpkgs",
        "rev": "34ab99075ac4f7e40cf037eef32cb1c360bb85e9",
        "type": "github"
      },
      "original": {
        "owner": "NixOS",
        "ref": "nixos-unstable",
        "repo": "nixpkgs",
        "type": "github"
      }
    },
    "nixpkgs-darwin": {
      "locked": {
        "lastModified": 1783945712,
        "narHash": "sha256-ePHSbY7/7fNdOA2CE8J4T9Jt7xRrX87N2mlKd8EsYdM=",
        "owner": "NixOS",
        "repo": "nixpkgs",
        "rev": "293d01ba488ddb4c3560ba7c8de1fbec7047f78c",
        "type": "github"
      },
      "original": {
        "owner": "NixOS",
        "ref": "nixpkgs-26.05-darwin",
        "repo": "nixpkgs",
        "type": "github"
      }
    },
    "nixpkgs_2": {
      "locked": {
        "lastModified": 1784007870,
        "narHash": "sha256-djcLt/JJphyNt4eDY9XTly+/WbCK5lqWq9lSgCmJkkQ=",
        "owner": "NixOS",
        "repo": "nixpkgs",
        "rev": "18b9261cb3294b6d2a06d03f96872827b8fe2698",
        "type": "github"
      },
      "original": {
        "owner": "NixOS",
        "ref": "nixos-unstable",
        "repo": "nixpkgs",
        "type": "github"
      }
    },
    "overlay0": {
      "inputs": {
        "nixpkgs": "nixpkgs_2",
        "nixpkgs-darwin": "nixpkgs-darwin"
      },
      "locked": {
        "lastModified": 1786628829,
        "narHash": "sha256-B8Dwg25eiIoHKJANWdGsEtX4BSbv9z3uPvTYTTnMu1I=",
        "owner": "thebrandonlucas",
        "repo": "roc-overlay",
        "rev": "628d8dcfd18f8a5c8a6b7c589573e9dd43a9d303",
        "type": "github"
      },
      "original": {
        "owner": "thebrandonlucas",
        "repo": "roc-overlay",
        "rev": "628d8dcfd18f8a5c8a6b7c589573e9dd43a9d303",
        "type": "github"
      }
    },
    "root": {
      "inputs": {
        "nixpkgs": "nixpkgs",
        "overlay0": "overlay0"
      }
    }
  },
  "root": "root",
  "version": 7
}
